// !$*UTF8*$!
{
	archiveVersion = 1;
	classes = {
	};
	objectVersion = 56;
	objects = {

/* Begin PBXBuildFile section */
		7C7ADBDFB7B3DD761CF90384 /* Pods_DemoGameSimulator.framework in Frameworks */ = {isa = PBXBuildFile; fileRef = 613DFA5BB9889B0947FBE353 /* Pods_DemoGameSimulator.framework */; };
		85DE04D02D421B5800A4FAF5 /* AppDelegate.swift in Sources */ = {isa = PBXBuildFile; fileRef = 85DE04CF2D421B5800A4FAF5 /* AppDelegate.swift */; };
		85DE04D22D421B5800A4FAF5 /* SceneDelegate.swift in Sources */ = {isa = PBXBuildFile; fileRef = 85DE04D12D421B5800A4FAF5 /* SceneDelegate.swift */; };
		85DE04D42D421B5900A4FAF5 /* ViewController.swift in Sources */ = {isa = PBXBuildFile; fileRef = 85DE04D32D421B5900A4FAF5 /* ViewController.swift */; };
		85DE04D72D421B5900A4FAF5 /* Base in Resources */ = {isa = PBXBuildFile; fileRef = 85DE04D62D421B5900A4FAF5 /* Base */; };
		85DE04D92D421B5A00A4FAF5 /* Assets.xcassets in Resources */ = {isa = PBXBuildFile; fileRef = 85DE04D82D421B5900A4FAF5 /* Assets.xcassets */; };
		85DE04DC2D421B5A00A4FAF5 /* Base in Resources */ = {isa = PBXBuildFile; fileRef = 85DE04DB2D421B5A00A4FAF5 /* Base */; };
		85DE04EC2D421E0900A4FAF5 /* SelectFileController.swift in Sources */ = {isa = PBXBuildFile; fileRef = 85DE04EB2D421E0900A4FAF5 /* SelectFileController.swift */; };
		85DE04EF2D421E6600A4FAF5 /* GameType.swift in Sources */ = {isa = PBXBuildFile; fileRef = 85DE04EE2D421E6600A4FAF5 /* GameType.swift */; };
		85DE04F22D42249100A4FAF5 /* GameDatabaseManager.swift in Sources */ = {isa = PBXBuildFile; fileRef = 85DE04F12D42249100A4FAF5 /* GameDatabaseManager.swift */; };
		85DE04F52D4225BD00A4FAF5 /* Game.swift in Sources */ = {isa = PBXBuildFile; fileRef = 85DE04F42D4225BD00A4FAF5 /* Game.swift */; };
		85DE04F92D42342D00A4FAF5 /* openvgdb.sqlite in Resources */ = {isa = PBXBuildFile; fileRef = 85DE04F72D42342D00A4FAF5 /* openvgdb.sqlite */; };
		85DE04FA2D42342D00A4FAF5 /* cheatbase.sqlite in Resources */ = {isa = PBXBuildFile; fileRef = 85DE04F82D42342D00A4FAF5 /* cheatbase.sqlite */; };
		85DE04FC2D42368400A4FAF5 /* GameProtocol.swift in Sources */ = {isa = PBXBuildFile; fileRef = 85DE04FB2D42368400A4FAF5 /* GameProtocol.swift */; };
		85DE04FF2D423BC900A4FAF5 /* EmulatorCore.swift in Sources */ = {isa = PBXBuildFile; fileRef = 85DE04FE2D423BC900A4FAF5 /* EmulatorCore.swift */; };
		85DE05012D423F2C00A4FAF5 /* CoreProtocol.swift in Sources */ = {isa = PBXBuildFile; fileRef = 85DE05002D423F2C00A4FAF5 /* CoreProtocol.swift */; };
		85DE05042D423F6B00A4FAF5 /* Input.swift in Sources */ = {isa = PBXBuildFile; fileRef = 85DE05032D423F6B00A4FAF5 /* Input.swift */; };
		85DE05072D4240A100A4FAF5 /* VideoFormat.swift in Sources */ = {isa = PBXBuildFile; fileRef = 85DE05062D4240A100A4FAF5 /* VideoFormat.swift */; };
		85DE050A2D4240DF00A4FAF5 /* CheatFormat.swift in Sources */ = {isa = PBXBuildFile; fileRef = 85DE05092D4240DF00A4FAF5 /* CheatFormat.swift */; };
		85DE050D2D42422200A4FAF5 /* CharacterSetExtension.swift in Sources */ = {isa = PBXBuildFile; fileRef = 85DE050C2D42422200A4FAF5 /* CharacterSetExtension.swift */; };
		85DE050F2D42426800A4FAF5 /* EmulatorBridging.swift in Sources */ = {isa = PBXBuildFile; fileRef = 85DE050E2D42426800A4FAF5 /* EmulatorBridging.swift */; };
		85DE05122D42429700A4FAF5 /* AudioRendering.swift in Sources */ = {isa = PBXBuildFile; fileRef = 85DE05112D42429700A4FAF5 /* AudioRendering.swift */; };
		85DE05142D4242A600A4FAF5 /* VideoRendering.swift in Sources */ = {isa = PBXBuildFile; fileRef = 85DE05132D4242A600A4FAF5 /* VideoRendering.swift */; };
		85DE05172D4242C200A4FAF5 /* RingBuffer.swift in Sources */ = {isa = PBXBuildFile; fileRef = 85DE05162D4242C200A4FAF5 /* RingBuffer.swift */; };
		FA7E57662D434F9E00F5A5F4 /* AltKit in Frameworks */ = {isa = PBXBuildFile; productRef = FA7E57652D434F9E00F5A5F4 /* AltKit */; };
		FA7E57692D434FAD00F5A5F4 /* ShowTouches in Frameworks */ = {isa = PBXBuildFile; productRef = FA7E57682D434FAD00F5A5F4 /* ShowTouches */; };
		FA7E576B2D434FCF00F5A5F4 /* CoreMotion.framework in Frameworks */ = {isa = PBXBuildFile; fileRef = FA7E576A2D434FCF00F5A5F4 /* CoreMotion.framework */; };
/* End PBXBuildFile section */

/* Begin PBXFileReference section */
		16B10238624E90D8F55E87C2 /* Pods-DemoGameSimulator.debug.xcconfig */ = {isa = PBXFileReference; includeInIndex = 1; lastKnownFileType = text.xcconfig; name = "Pods-DemoGameSimulator.debug.xcconfig"; path = "Target Support Files/Pods-DemoGameSimulator/Pods-DemoGameSimulator.debug.xcconfig"; sourceTree = "<group>"; };
		48DE85AFCDDBF4717187A31E /* Pods-DemoGameSimulator.release.xcconfig */ = {isa = PBXFileReference; includeInIndex = 1; lastKnownFileType = text.xcconfig; name = "Pods-DemoGameSimulator.release.xcconfig"; path = "Target Support Files/Pods-DemoGameSimulator/Pods-DemoGameSimulator.release.xcconfig"; sourceTree = "<group>"; };
		613DFA5BB9889B0947FBE353 /* Pods_DemoGameSimulator.framework */ = {isa = PBXFileReference; explicitFileType = wrapper.framework; includeInIndex = 0; path = Pods_DemoGameSimulator.framework; sourceTree = BUILT_PRODUCTS_DIR; };
		85DE04CC2D421B5800A4FAF5 /* DemoGameSimulator.app */ = {isa = PBXFileReference; explicitFileType = wrapper.application; includeInIndex = 0; path = DemoGameSimulator.app; sourceTree = BUILT_PRODUCTS_DIR; };
		85DE04CF2D421B5800A4FAF5 /* AppDelegate.swift */ = {isa = PBXFileReference; lastKnownFileType = sourcecode.swift; path = AppDelegate.swift; sourceTree = "<group>"; };
		85DE04D12D421B5800A4FAF5 /* SceneDelegate.swift */ = {isa = PBXFileReference; lastKnownFileType = sourcecode.swift; path = SceneDelegate.swift; sourceTree = "<group>"; };
		85DE04D32D421B5900A4FAF5 /* ViewController.swift */ = {isa = PBXFileReference; lastKnownFileType = sourcecode.swift; path = ViewController.swift; sourceTree = "<group>"; };
		85DE04D62D421B5900A4FAF5 /* Base */ = {isa = PBXFileReference; lastKnownFileType = file.storyboard; name = Base; path = Base.lproj/Main.storyboard; sourceTree = "<group>"; };
		85DE04D82D421B5900A4FAF5 /* Assets.xcassets */ = {isa = PBXFileReference; lastKnownFileType = folder.assetcatalog; path = Assets.xcassets; sourceTree = "<group>"; };
		85DE04DB2D421B5A00A4FAF5 /* Base */ = {isa = PBXFileReference; lastKnownFileType = file.storyboard; name = Base; path = Base.lproj/LaunchScreen.storyboard; sourceTree = "<group>"; };
		85DE04DD2D421B5A00A4FAF5 /* Info.plist */ = {isa = PBXFileReference; lastKnownFileType = text.plist.xml; path = Info.plist; sourceTree = "<group>"; };
		85DE04EB2D421E0900A4FAF5 /* SelectFileController.swift */ = {isa = PBXFileReference; lastKnownFileType = sourcecode.swift; path = SelectFileController.swift; sourceTree = "<group>"; };
		85DE04EE2D421E6600A4FAF5 /* GameType.swift */ = {isa = PBXFileReference; lastKnownFileType = sourcecode.swift; path = GameType.swift; sourceTree = "<group>"; };
		85DE04F12D42249100A4FAF5 /* GameDatabaseManager.swift */ = {isa = PBXFileReference; lastKnownFileType = sourcecode.swift; path = GameDatabaseManager.swift; sourceTree = "<group>"; };
		85DE04F42D4225BD00A4FAF5 /* Game.swift */ = {isa = PBXFileReference; lastKnownFileType = sourcecode.swift; path = Game.swift; sourceTree = "<group>"; };
		85DE04F72D42342D00A4FAF5 /* openvgdb.sqlite */ = {isa = PBXFileReference; lastKnownFileType = file; path = openvgdb.sqlite; sourceTree = "<group>"; };
		85DE04F82D42342D00A4FAF5 /* cheatbase.sqlite */ = {isa = PBXFileReference; lastKnownFileType = file; path = cheatbase.sqlite; sourceTree = "<group>"; };
		85DE04FB2D42368400A4FAF5 /* GameProtocol.swift */ = {isa = PBXFileReference; lastKnownFileType = sourcecode.swift; path = GameProtocol.swift; sourceTree = "<group>"; };
		85DE04FE2D423BC900A4FAF5 /* EmulatorCore.swift */ = {isa = PBXFileReference; lastKnownFileType = sourcecode.swift; path = EmulatorCore.swift; sourceTree = "<group>"; };
		85DE05002D423F2C00A4FAF5 /* CoreProtocol.swift */ = {isa = PBXFileReference; lastKnownFileType = sourcecode.swift; path = CoreProtocol.swift; sourceTree = "<group>"; };
		85DE05032D423F6B00A4FAF5 /* Input.swift */ = {isa = PBXFileReference; lastKnownFileType = sourcecode.swift; path = Input.swift; sourceTree = "<group>"; };
		85DE05062D4240A100A4FAF5 /* VideoFormat.swift */ = {isa = PBXFileReference; lastKnownFileType = sourcecode.swift; path = VideoFormat.swift; sourceTree = "<group>"; };
		85DE05092D4240DF00A4FAF5 /* CheatFormat.swift */ = {isa = PBXFileReference; lastKnownFileType = sourcecode.swift; path = CheatFormat.swift; sourceTree = "<group>"; };
		85DE050C2D42422200A4FAF5 /* CharacterSetExtension.swift */ = {isa = PBXFileReference; lastKnownFileType = sourcecode.swift; path = CharacterSetExtension.swift; sourceTree = "<group>"; };
		85DE050E2D42426800A4FAF5 /* EmulatorBridging.swift */ = {isa = PBXFileReference; lastKnownFileType = sourcecode.swift; path = EmulatorBridging.swift; sourceTree = "<group>"; };
		85DE05112D42429700A4FAF5 /* AudioRendering.swift */ = {isa = PBXFileReference; lastKnownFileType = sourcecode.swift; path = AudioRendering.swift; sourceTree = "<group>"; };
		85DE05132D4242A600A4FAF5 /* VideoRendering.swift */ = {isa = PBXFileReference; lastKnownFileType = sourcecode.swift; path = VideoRendering.swift; sourceTree = "<group>"; };
		85DE05162D4242C200A4FAF5 /* RingBuffer.swift */ = {isa = PBXFileReference; lastKnownFileType = sourcecode.swift; path = RingBuffer.swift; sourceTree = "<group>"; };
		FA7E576A2D434FCF00F5A5F4 /* CoreMotion.framework */ = {isa = PBXFileReference; lastKnownFileType = wrapper.framework; name = CoreMotion.framework; path = System/Library/Frameworks/CoreMotion.framework; sourceTree = SDKROOT; };
/* End PBXFileReference section */

/* Begin PBXFrameworksBuildPhase section */
		85DE04C92D421B5800A4FAF5 /* Frameworks */ = {
			isa = PBXFrameworksBuildPhase;
			buildActionMask = 2147483647;
			files = (
				7C7ADBDFB7B3DD761CF90384 /* Pods_DemoGameSimulator.framework in Frameworks */,
				FA7E57662D434F9E00F5A5F4 /* AltKit in Frameworks */,
				FA7E57692D434FAD00F5A5F4 /* ShowTouches in Frameworks */,
				FA7E576B2D434FCF00F5A5F4 /* CoreMotion.framework in Frameworks */,
			);
			runOnlyForDeploymentPostprocessing = 0;
		};
/* End PBXFrameworksBuildPhase section */

/* Begin PBXGroup section */
		0017B7FC472672F7E0B4C533 /* Frameworks */ = {
			isa = PBXGroup;
			children = (
				FA7E576A2D434FCF00F5A5F4 /* CoreMotion.framework */,
				613DFA5BB9889B0947FBE353 /* Pods_DemoGameSimulator.framework */,
			);
			name = Frameworks;
			sourceTree = "<group>";
		};
		85DE04C32D421B5800A4FAF5 = {
			isa = PBXGroup;
			children = (
				85DE04CE2D421B5800A4FAF5 /* DemoGameSimulator */,
				85DE04CD2D421B5800A4FAF5 /* Products */,
				C7ADE7A77E4C621BF3BE6497 /* Pods */,
				0017B7FC472672F7E0B4C533 /* Frameworks */,
			);
			sourceTree = "<group>";
		};
		85DE04CD2D421B5800A4FAF5 /* Products */ = {
			isa = PBXGroup;
			children = (
				85DE04CC2D421B5800A4FAF5 /* DemoGameSimulator.app */,
			);
			name = Products;
			sourceTree = "<group>";
		};
		85DE04CE2D421B5800A4FAF5 /* DemoGameSimulator */ = {
			isa = PBXGroup;
			children = (
				85DE04EA2D421C6600A4FAF5 /* Cores */,
				85DE04CF2D421B5800A4FAF5 /* AppDelegate.swift */,
				85DE04D12D421B5800A4FAF5 /* SceneDelegate.swift */,
				85DE04D32D421B5900A4FAF5 /* ViewController.swift */,
				85DE04D52D421B5900A4FAF5 /* Main.storyboard */,
				85DE04D82D421B5900A4FAF5 /* Assets.xcassets */,
				85DE04DA2D421B5A00A4FAF5 /* LaunchScreen.storyboard */,
				85DE04DD2D421B5A00A4FAF5 /* Info.plist */,
			);
			path = DemoGameSimulator;
			sourceTree = "<group>";
		};
		85DE04EA2D421C6600A4FAF5 /* Cores */ = {
			isa = PBXGroup;
			children = (
				85DE050B2D42421200A4FAF5 /* Extension */,
				85DE04FD2D423BBE00A4FAF5 /* EmulatorCore */,
				85DE04F32D4225B600A4FAF5 /* Model */,
				85DE04F02D42248100A4FAF5 /* Database */,
				85DE04ED2D421E5C00A4FAF5 /* Select File */,
			);
			path = Cores;
			sourceTree = "<group>";
		};
		85DE04ED2D421E5C00A4FAF5 /* Select File */ = {
			isa = PBXGroup;
			children = (
				85DE04EB2D421E0900A4FAF5 /* SelectFileController.swift */,
			);
			path = "Select File";
			sourceTree = "<group>";
		};
		85DE04F02D42248100A4FAF5 /* Database */ = {
			isa = PBXGroup;
			children = (
				85DE04F62D42341800A4FAF5 /* SQLite */,
				85DE04F12D42249100A4FAF5 /* GameDatabaseManager.swift */,
			);
			path = Database;
			sourceTree = "<group>";
		};
		85DE04F32D4225B600A4FAF5 /* Model */ = {
			isa = PBXGroup;
			children = (
				85DE05082D4240D700A4FAF5 /* Game */,
				85DE05092D4240DF00A4FAF5 /* CheatFormat.swift */,
			);
			path = Model;
			sourceTree = "<group>";
		};
		85DE04F62D42341800A4FAF5 /* SQLite */ = {
			isa = PBXGroup;
			children = (
				85DE04F82D42342D00A4FAF5 /* cheatbase.sqlite */,
				85DE04F72D42342D00A4FAF5 /* openvgdb.sqlite */,
			);
			path = SQLite;
			sourceTree = "<group>";
		};
		85DE04FD2D423BBE00A4FAF5 /* EmulatorCore */ = {
			isa = PBXGroup;
			children = (
				85DE05152D4242BC00A4FAF5 /* Audio */,
				85DE05102D42428E00A4FAF5 /* Rendering */,
				85DE05052D42409800A4FAF5 /* Video */,
				85DE05022D423F5B00A4FAF5 /* Protocols */,
				85DE04FE2D423BC900A4FAF5 /* EmulatorCore.swift */,
				85DE05002D423F2C00A4FAF5 /* CoreProtocol.swift */,
				85DE050E2D42426800A4FAF5 /* EmulatorBridging.swift */,
			);
			path = EmulatorCore;
			sourceTree = "<group>";
		};
		85DE05022D423F5B00A4FAF5 /* Protocols */ = {
			isa = PBXGroup;
			children = (
				85DE05032D423F6B00A4FAF5 /* Input.swift */,
			);
			path = Protocols;
			sourceTree = "<group>";
		};
		85DE05052D42409800A4FAF5 /* Video */ = {
			isa = PBXGroup;
			children = (
				85DE05062D4240A100A4FAF5 /* VideoFormat.swift */,
			);
			path = Video;
			sourceTree = "<group>";
		};
		85DE05082D4240D700A4FAF5 /* Game */ = {
			isa = PBXGroup;
			children = (
				85DE04EE2D421E6600A4FAF5 /* GameType.swift */,
				85DE04F42D4225BD00A4FAF5 /* Game.swift */,
				85DE04FB2D42368400A4FAF5 /* GameProtocol.swift */,
			);
			path = Game;
			sourceTree = "<group>";
		};
		85DE050B2D42421200A4FAF5 /* Extension */ = {
			isa = PBXGroup;
			children = (
				85DE050C2D42422200A4FAF5 /* CharacterSetExtension.swift */,
			);
			path = Extension;
			sourceTree = "<group>";
		};
		85DE05102D42428E00A4FAF5 /* Rendering */ = {
			isa = PBXGroup;
			children = (
				85DE05112D42429700A4FAF5 /* AudioRendering.swift */,
				85DE05132D4242A600A4FAF5 /* VideoRendering.swift */,
			);
			path = Rendering;
			sourceTree = "<group>";
		};
		85DE05152D4242BC00A4FAF5 /* Audio */ = {
			isa = PBXGroup;
			children = (
				85DE05162D4242C200A4FAF5 /* RingBuffer.swift */,
			);
			path = Audio;
			sourceTree = "<group>";
		};
		C7ADE7A77E4C621BF3BE6497 /* Pods */ = {
			isa = PBXGroup;
			children = (
				16B10238624E90D8F55E87C2 /* Pods-DemoGameSimulator.debug.xcconfig */,
				48DE85AFCDDBF4717187A31E /* Pods-DemoGameSimulator.release.xcconfig */,
			);
			path = Pods;
			sourceTree = "<group>";
		};
/* End PBXGroup section */

/* Begin PBXNativeTarget section */
		85DE04CB2D421B5800A4FAF5 /* DemoGameSimulator */ = {
			isa = PBXNativeTarget;
			buildConfigurationList = 85DE04E02D421B5A00A4FAF5 /* Build configuration list for PBXNativeTarget "DemoGameSimulator" */;
			buildPhases = (
				BBAED42A13D340D3EAD7C810 /* [CP] Check Pods Manifest.lock */,
				85DE04C82D421B5800A4FAF5 /* Sources */,
				85DE04C92D421B5800A4FAF5 /* Frameworks */,
				85DE04CA2D421B5800A4FAF5 /* Resources */,
				3E327E31EEC6C416D09E28E5 /* [CP] Embed Pods Frameworks */,
			);
			buildRules = (
			);
			dependencies = (
			);
			name = DemoGameSimulator;
			packageProductDependencies = (
				FA7E57652D434F9E00F5A5F4 /* AltKit */,
				FA7E57682D434FAD00F5A5F4 /* ShowTouches */,
			);
			productName = DemoGameSimulator;
			productReference = 85DE04CC2D421B5800A4FAF5 /* DemoGameSimulator.app */;
			productType = "com.apple.product-type.application";
		};
/* End PBXNativeTarget section */

/* Begin PBXProject section */
		85DE04C42D421B5800A4FAF5 /* Project object */ = {
			isa = PBXProject;
			attributes = {
				BuildIndependentTargetsInParallel = 1;
				LastSwiftUpdateCheck = 1540;
				LastUpgradeCheck = 1540;
				TargetAttributes = {
					85DE04CB2D421B5800A4FAF5 = {
						CreatedOnToolsVersion = 15.4;
					};
				};
			};
			buildConfigurationList = 85DE04C72D421B5800A4FAF5 /* Build configuration list for PBXProject "DemoGameSimulator" */;
			compatibilityVersion = "Xcode 14.0";
			developmentRegion = en;
			hasScannedForEncodings = 0;
			knownRegions = (
				en,
				Base,
			);
			mainGroup = 85DE04C32D421B5800A4FAF5;
			packageReferences = (
				FA7E57642D434F9E00F5A5F4 /* XCRemoteSwiftPackageReference "AltKit" */,
				FA7E57672D434FAD00F5A5F4 /* XCRemoteSwiftPackageReference "ShowTouches" */,
			);
			productRefGroup = 85DE04CD2D421B5800A4FAF5 /* Products */;
			projectDirPath = "";
			projectRoot = "";
			targets = (
				85DE04CB2D421B5800A4FAF5 /* DemoGameSimulator */,
			);
		};
/* End PBXProject section */

/* Begin PBXResourcesBuildPhase section */
		85DE04CA2D421B5800A4FAF5 /* Resources */ = {
			isa = PBXResourcesBuildPhase;
			buildActionMask = 2147483647;
			files = (
				85DE04FA2D42342D00A4FAF5 /* cheatbase.sqlite in Resources */,
				85DE04F92D42342D00A4FAF5 /* openvgdb.sqlite in Resources */,
				85DE04D92D421B5A00A4FAF5 /* Assets.xcassets in Resources */,
				85DE04DC2D421B5A00A4FAF5 /* Base in Resources */,
				85DE04D72D421B5900A4FAF5 /* Base in Resources */,
			);
			runOnlyForDeploymentPostprocessing = 0;
		};
/* End PBXResourcesBuildPhase section */

/* Begin PBXShellScriptBuildPhase section */
		3E327E31EEC6C416D09E28E5 /* [CP] Embed Pods Frameworks */ = {
			isa = PBXShellScriptBuildPhase;
			buildActionMask = 2147483647;
			files = (
			);
			inputFileListPaths = (
				"${PODS_ROOT}/Target Support Files/Pods-DemoGameSimulator/Pods-DemoGameSimulator-frameworks-${CONFIGURATION}-input-files.xcfilelist",
			);
			name = "[CP] Embed Pods Frameworks";
			outputFileListPaths = (
				"${PODS_ROOT}/Target Support Files/Pods-DemoGameSimulator/Pods-DemoGameSimulator-frameworks-${CONFIGURATION}-output-files.xcfilelist",
			);
			runOnlyForDeploymentPostprocessing = 0;
			shellPath = /bin/sh;
			shellScript = "\"${PODS_ROOT}/Target Support Files/Pods-DemoGameSimulator/Pods-DemoGameSimulator-frameworks.sh\"\n";
			showEnvVarsInLog = 0;
		};
		BBAED42A13D340D3EAD7C810 /* [CP] Check Pods Manifest.lock */ = {
			isa = PBXShellScriptBuildPhase;
			buildActionMask = 2147483647;
			files = (
			);
			inputFileListPaths = (
			);
			inputPaths = (
				"${PODS_PODFILE_DIR_PATH}/Podfile.lock",
				"${PODS_ROOT}/Manifest.lock",
			);
			name = "[CP] Check Pods Manifest.lock";
			outputFileListPaths = (
			);
			outputPaths = (
				"$(DERIVED_FILE_DIR)/Pods-DemoGameSimulator-checkManifestLockResult.txt",
			);
			runOnlyForDeploymentPostprocessing = 0;
			shellPath = /bin/sh;
			shellScript = "diff \"${PODS_PODFILE_DIR_PATH}/Podfile.lock\" \"${PODS_ROOT}/Manifest.lock\" > /dev/null\nif [ $? != 0 ] ; then\n    # print error to STDERR\n    echo \"error: The sandbox is not in sync with the Podfile.lock. Run 'pod install' or update your CocoaPods installation.\" >&2\n    exit 1\nfi\n# This output is used by Xcode 'outputs' to avoid re-running this script phase.\necho \"SUCCESS\" > \"${SCRIPT_OUTPUT_FILE_0}\"\n";
			showEnvVarsInLog = 0;
		};
/* End PBXShellScriptBuildPhase section */

/* Begin PBXSourcesBuildPhase section */
		85DE04C82D421B5800A4FAF5 /* Sources */ = {
			isa = PBXSourcesBuildPhase;
			buildActionMask = 2147483647;
			files = (
				85DE050D2D42422200A4FAF5 /* CharacterSetExtension.swift in Sources */,
				85DE05142D4242A600A4FAF5 /* VideoRendering.swift in Sources */,
				85DE04FF2D423BC900A4FAF5 /* EmulatorCore.swift in Sources */,
				85DE05012D423F2C00A4FAF5 /* CoreProtocol.swift in Sources */,
				85DE04F22D42249100A4FAF5 /* GameDatabaseManager.swift in Sources */,
				85DE05042D423F6B00A4FAF5 /* Input.swift in Sources */,
				85DE050A2D4240DF00A4FAF5 /* CheatFormat.swift in Sources */,
				85DE05072D4240A100A4FAF5 /* VideoFormat.swift in Sources */,
				85DE04FC2D42368400A4FAF5 /* GameProtocol.swift in Sources */,
				85DE04D42D421B5900A4FAF5 /* ViewController.swift in Sources */,
				85DE04F52D4225BD00A4FAF5 /* Game.swift in Sources */,
				85DE05172D4242C200A4FAF5 /* RingBuffer.swift in Sources */,
				85DE050F2D42426800A4FAF5 /* EmulatorBridging.swift in Sources */,
				85DE04EC2D421E0900A4FAF5 /* SelectFileController.swift in Sources */,
				85DE04EF2D421E6600A4FAF5 /* GameType.swift in Sources */,
				85DE04D02D421B5800A4FAF5 /* AppDelegate.swift in Sources */,
				85DE04D22D421B5800A4FAF5 /* SceneDelegate.swift in Sources */,
				85DE05122D42429700A4FAF5 /* AudioRendering.swift in Sources */,
			);
			runOnlyForDeploymentPostprocessing = 0;
		};
/* End PBXSourcesBuildPhase section */

/* Begin PBXVariantGroup section */
		85DE04D52D421B5900A4FAF5 /* Main.storyboard */ = {
			isa = PBXVariantGroup;
			children = (
				85DE04D62D421B5900A4FAF5 /* Base */,
			);
			name = Main.storyboard;
			sourceTree = "<group>";
		};
		85DE04DA2D421B5A00A4FAF5 /* LaunchScreen.storyboard */ = {
			isa = PBXVariantGroup;
			children = (
				85DE04DB2D421B5A00A4FAF5 /* Base */,
			);
			name = LaunchScreen.storyboard;
			sourceTree = "<group>";
		};
/* End PBXVariantGroup section */

/* Begin XCBuildConfiguration section */
		85DE04DE2D421B5A00A4FAF5 /* Debug */ = {
			isa = XCBuildConfiguration;
			buildSettings = {
				ALWAYS_SEARCH_USER_PATHS = NO;
				ASSETCATALOG_COMPILER_GENERATE_SWIFT_ASSET_SYMBOL_EXTENSIONS = YES;
				CLANG_ANALYZER_NONNULL = YES;
				CLANG_ANALYZER_NUMBER_OBJECT_CONVERSION = YES_AGGRESSIVE;
				CLANG_CXX_LANGUAGE_STANDARD = "gnu++20";
				CLANG_ENABLE_MODULES = YES;
				CLANG_ENABLE_OBJC_ARC = YES;
				CLANG_ENABLE_OBJC_WEAK = YES;
				CLANG_WARN_BLOCK_CAPTURE_AUTORELEASING = YES;
				CLANG_WARN_BOOL_CONVERSION = YES;
				CLANG_WARN_COMMA = YES;
				CLANG_WARN_CONSTANT_CONVERSION = YES;
				CLANG_WARN_DEPRECATED_OBJC_IMPLEMENTATIONS = YES;
				CLANG_WARN_DIRECT_OBJC_ISA_USAGE = YES_ERROR;
				CLANG_WARN_DOCUMENTATION_COMMENTS = YES;
				CLANG_WARN_EMPTY_BODY = YES;
				CLANG_WARN_ENUM_CONVERSION = YES;
				CLANG_WARN_INFINITE_RECURSION = YES;
				CLANG_WARN_INT_CONVERSION = YES;
				CLANG_WARN_NON_LITERAL_NULL_CONVERSION = YES;
				CLANG_WARN_OBJC_IMPLICIT_RETAIN_SELF = YES;
				CLANG_WARN_OBJC_LITERAL_CONVERSION = YES;
				CLANG_WARN_OBJC_ROOT_CLASS = YES_ERROR;
				CLANG_WARN_QUOTED_INCLUDE_IN_FRAMEWORK_HEADER = YES;
				CLANG_WARN_RANGE_LOOP_ANALYSIS = YES;
				CLANG_WARN_STRICT_PROTOTYPES = YES;
				CLANG_WARN_SUSPICIOUS_MOVE = YES;
				CLANG_WARN_UNGUARDED_AVAILABILITY = YES_AGGRESSIVE;
				CLANG_WARN_UNREACHABLE_CODE = YES;
				CLANG_WARN__DUPLICATE_METHOD_MATCH = YES;
				COPY_PHASE_STRIP = NO;
				DEBUG_INFORMATION_FORMAT = dwarf;
				ENABLE_STRICT_OBJC_MSGSEND = YES;
				ENABLE_TESTABILITY = YES;
				ENABLE_USER_SCRIPT_SANDBOXING = NO;
				GCC_C_LANGUAGE_STANDARD = gnu17;
				GCC_DYNAMIC_NO_PIC = NO;
				GCC_NO_COMMON_BLOCKS = YES;
				GCC_OPTIMIZATION_LEVEL = 0;
				GCC_PREPROCESSOR_DEFINITIONS = (
					"DEBUG=1",
					"$(inherited)",
				);
				GCC_WARN_64_TO_32_BIT_CONVERSION = YES;
				GCC_WARN_ABOUT_RETURN_TYPE = YES_ERROR;
				GCC_WARN_UNDECLARED_SELECTOR = YES;
				GCC_WARN_UNINITIALIZED_AUTOS = YES_AGGRESSIVE;
				GCC_WARN_UNUSED_FUNCTION = YES;
				GCC_WARN_UNUSED_VARIABLE = YES;
				IPHONEOS_DEPLOYMENT_TARGET = 17.5;
				LOCALIZATION_PREFERS_STRING_CATALOGS = YES;
				MTL_ENABLE_DEBUG_INFO = INCLUDE_SOURCE;
				MTL_FAST_MATH = YES;
				ONLY_ACTIVE_ARCH = YES;
				SDKROOT = iphoneos;
				SWIFT_ACTIVE_COMPILATION_CONDITIONS = "DEBUG $(inherited)";
				SWIFT_OPTIMIZATION_LEVEL = "-Onone";
			};
			name = Debug;
		};
		85DE04DF2D421B5A00A4FAF5 /* Release */ = {
			isa = XCBuildConfiguration;
			buildSettings = {
				ALWAYS_SEARCH_USER_PATHS = NO;
				ASSETCATALOG_COMPILER_GENERATE_SWIFT_ASSET_SYMBOL_EXTENSIONS = YES;
				CLANG_ANALYZER_NONNULL = YES;
				CLANG_ANALYZER_NUMBER_OBJECT_CONVERSION = YES_AGGRESSIVE;
				CLANG_CXX_LANGUAGE_STANDARD = "gnu++20";
				CLANG_ENABLE_MODULES = YES;
				CLANG_ENABLE_OBJC_ARC = YES;
				CLANG_ENABLE_OBJC_WEAK = YES;
				CLANG_WARN_BLOCK_CAPTURE_AUTORELEASING = YES;
				CLANG_WARN_BOOL_CONVERSION = YES;
				CLANG_WARN_COMMA = YES;
				CLANG_WARN_CONSTANT_CONVERSION = YES;
				CLANG_WARN_DEPRECATED_OBJC_IMPLEMENTATIONS = YES;
				CLANG_WARN_DIRECT_OBJC_ISA_USAGE = YES_ERROR;
				CLANG_WARN_DOCUMENTATION_COMMENTS = YES;
				CLANG_WARN_EMPTY_BODY = YES;
				CLANG_WARN_ENUM_CONVERSION = YES;
				CLANG_WARN_INFINITE_RECURSION = YES;
				CLANG_WARN_INT_CONVERSION = YES;
				CLANG_WARN_NON_LITERAL_NULL_CONVERSION = YES;
				CLANG_WARN_OBJC_IMPLICIT_RETAIN_SELF = YES;
				CLANG_WARN_OBJC_LITERAL_CONVERSION = YES;
				CLANG_WARN_OBJC_ROOT_CLASS = YES_ERROR;
				CLANG_WARN_QUOTED_INCLUDE_IN_FRAMEWORK_HEADER = YES;
				CLANG_WARN_RANGE_LOOP_ANALYSIS = YES;
				CLANG_WARN_STRICT_PROTOTYPES = YES;
				CLANG_WARN_SUSPICIOUS_MOVE = YES;
				CLANG_WARN_UNGUARDED_AVAILABILITY = YES_AGGRESSIVE;
				CLANG_WARN_UNREACHABLE_CODE = YES;
				CLANG_WARN__DUPLICATE_METHOD_MATCH = YES;
				COPY_PHASE_STRIP = NO;
				DEBUG_INFORMATION_FORMAT = "dwarf-with-dsym";
				ENABLE_NS_ASSERTIONS = NO;
				ENABLE_STRICT_OBJC_MSGSEND = YES;
				ENABLE_USER_SCRIPT_SANDBOXING = NO;
				GCC_C_LANGUAGE_STANDARD = gnu17;
				GCC_NO_COMMON_BLOCKS = YES;
				GCC_WARN_64_TO_32_BIT_CONVERSION = YES;
				GCC_WARN_ABOUT_RETURN_TYPE = YES_ERROR;
				GCC_WARN_UNDECLARED_SELECTOR = YES;
				GCC_WARN_UNINITIALIZED_AUTOS = YES_AGGRESSIVE;
				GCC_WARN_UNUSED_FUNCTION = YES;
				GCC_WARN_UNUSED_VARIABLE = YES;
				IPHONEOS_DEPLOYMENT_TARGET = 17.5;
				LOCALIZATION_PREFERS_STRING_CATALOGS = YES;
				MTL_ENABLE_DEBUG_INFO = NO;
				MTL_FAST_MATH = YES;
				SDKROOT = iphoneos;
				SWIFT_COMPILATION_MODE = wholemodule;
				VALIDATE_PRODUCT = YES;
			};
			name = Release;
		};
		85DE04E12D421B5A00A4FAF5 /* Debug */ = {
			isa = XCBuildConfiguration;
			baseConfigurationReference = 16B10238624E90D8F55E87C2 /* Pods-DemoGameSimulator.debug.xcconfig */;
			buildSettings = {
				ASSETCATALOG_COMPILER_APPICON_NAME = AppIcon;
				ASSETCATALOG_COMPILER_GLOBAL_ACCENT_COLOR_NAME = AccentColor;
				CODE_SIGN_STYLE = Automatic;
				CURRENT_PROJECT_VERSION = 1;
				DEVELOPMENT_TEAM = YUS8V6L945;
				GENERATE_INFOPLIST_FILE = YES;
				INFOPLIST_FILE = DemoGameSimulator/Info.plist;
				INFOPLIST_KEY_UIApplicationSupportsIndirectInputEvents = YES;
				INFOPLIST_KEY_UILaunchStoryboardName = LaunchScreen;
				INFOPLIST_KEY_UIMainStoryboardFile = Main;
				INFOPLIST_KEY_UISupportedInterfaceOrientations_iPad = "UIInterfaceOrientationPortrait UIInterfaceOrientationPortraitUpsideDown UIInterfaceOrientationLandscapeLeft UIInterfaceOrientationLandscapeRight";
				INFOPLIST_KEY_UISupportedInterfaceOrientations_iPhone = "UIInterfaceOrientationPortrait UIInterfaceOrientationLandscapeLeft UIInterfaceOrientationLandscapeRight";
				LD_RUNPATH_SEARCH_PATHS = (
					"$(inherited)",
					"@executable_path/Frameworks",
				);
				MARKETING_VERSION = 1.0;
				PRODUCT_BUNDLE_IDENTIFIER = com.test.DemoGameSimulator;
				PRODUCT_NAME = "$(TARGET_NAME)";
				SWIFT_EMIT_LOC_STRINGS = YES;
				SWIFT_VERSION = 5.0;
				TARGETED_DEVICE_FAMILY = "1,2";
			};
			name = Debug;
		};
		85DE04E22D421B5A00A4FAF5 /* Release */ = {
			isa = XCBuildConfiguration;
			baseConfigurationReference = 48DE85AFCDDBF4717187A31E /* Pods-DemoGameSimulator.release.xcconfig */;
			buildSettings = {
				ASSETCATALOG_COMPILER_APPICON_NAME = AppIcon;
				ASSETCATALOG_COMPILER_GLOBAL_ACCENT_COLOR_NAME = AccentColor;
				CODE_SIGN_STYLE = Automatic;
				CURRENT_PROJECT_VERSION = 1;
				DEVELOPMENT_TEAM = YUS8V6L945;
				GENERATE_INFOPLIST_FILE = YES;
				INFOPLIST_FILE = DemoGameSimulator/Info.plist;
				INFOPLIST_KEY_UIApplicationSupportsIndirectInputEvents = YES;
				INFOPLIST_KEY_UILaunchStoryboardName = LaunchScreen;
				INFOPLIST_KEY_UIMainStoryboardFile = Main;
				INFOPLIST_KEY_UISupportedInterfaceOrientations_iPad = "UIInterfaceOrientationPortrait UIInterfaceOrientationPortraitUpsideDown UIInterfaceOrientationLandscapeLeft UIInterfaceOrientationLandscapeRight";
				INFOPLIST_KEY_UISupportedInterfaceOrientations_iPhone = "UIInterfaceOrientationPortrait UIInterfaceOrientationLandscapeLeft UIInterfaceOrientationLandscapeRight";
				LD_RUNPATH_SEARCH_PATHS = (
					"$(inherited)",
					"@executable_path/Frameworks",
				);
				MARKETING_VERSION = 1.0;
				PRODUCT_BUNDLE_IDENTIFIER = com.test.DemoGameSimulator;
				PRODUCT_NAME = "$(TARGET_NAME)";
				SWIFT_EMIT_LOC_STRINGS = YES;
				SWIFT_VERSION = 5.0;
				TARGETED_DEVICE_FAMILY = "1,2";
			};
			name = Release;
		};
/* End XCBuildConfiguration section */

/* Begin XCConfigurationList section */
		85DE04C72D421B5800A4FAF5 /* Build configuration list for PBXProject "DemoGameSimulator" */ = {
			isa = XCConfigurationList;
			buildConfigurations = (
				85DE04DE2D421B5A00A4FAF5 /* Debug */,
				85DE04DF2D421B5A00A4FAF5 /* Release */,
			);
			defaultConfigurationIsVisible = 0;
			defaultConfigurationName = Release;
		};
		85DE04E02D421B5A00A4FAF5 /* Build configuration list for PBXNativeTarget "DemoGameSimulator" */ = {
			isa = XCConfigurationList;
			buildConfigurations = (
				85DE04E12D421B5A00A4FAF5 /* Debug */,
				85DE04E22D421B5A00A4FAF5 /* Release */,
			);
			defaultConfigurationIsVisible = 0;
			defaultConfigurationName = Release;
		};
/* End XCConfigurationList section */

/* Begin XCRemoteSwiftPackageReference section */
		FA7E57642D434F9E00F5A5F4 /* XCRemoteSwiftPackageReference "AltKit" */ = {
			isa = XCRemoteSwiftPackageReference;
			repositoryURL = "https://github.com/altstoreio/AltKit.git";
			requirement = {
				kind = upToNextMajorVersion;
				minimumVersion = 0.0.2;
			};
		};
		FA7E57672D434FAD00F5A5F4 /* XCRemoteSwiftPackageReference "ShowTouches" */ = {
			isa = XCRemoteSwiftPackageReference;
			repositoryURL = "https://github.com/Cyberbeni/ShowTouches.git";
			requirement = {
				branch = master;
				kind = branch;
			};
		};
/* End XCRemoteSwiftPackageReference section */

/* Begin XCSwiftPackageProductDependency section */
		FA7E57652D434F9E00F5A5F4 /* AltKit */ = {
			isa = XCSwiftPackageProductDependency;
			package = FA7E57642D434F9E00F5A5F4 /* XCRemoteSwiftPackageReference "AltKit" */;
			productName = AltKit;
		};
		FA7E57682D434FAD00F5A5F4 /* ShowTouches */ = {
			isa = XCSwiftPackageProductDependency;
			package = FA7E57672D434FAD00F5A5F4 /* XCRemoteSwiftPackageReference "ShowTouches" */;
			productName = ShowTouches;
		};
/* End XCSwiftPackageProductDependency section */
	};
	rootObject = 85DE04C42D421B5800A4FAF5 /* Project object */;
}
